{
  "requires": true,
  "lockfileVersion": 1,
  "dependencies": {
    "@foxbox/adobe-bootstrap-dsp": {
      "version": "1.0.2",
      "resolved": "https://registry.npmjs.org/@foxbox/adobe-bootstrap-dsp/-/adobe-bootstrap-dsp-1.0.2.tgz",
      "integrity": "sha512-ihe15mfAdEIVkf/m5CD1e6YrTGKPBTTlcvsSk4YQiXF8+MBax8IhfhEQ2/qGQdSxKl6/+GhJND3y4/Yvs7Q8xA=="
    }
  }
}
